// !$*UTF8*$!
{
	archiveVersion = 1;
	classes = {
	};
	objectVersion = 46;
	objects = {

/* Begin PBXBuildFile section */
		A1066E3E1E5FD4DF00D5FCC2 /* AppDelegate.swift in Sources */ = {isa = PBXBuildFile; fileRef = A1066E3D1E5FD4DF00D5FCC2 /* AppDelegate.swift */; };
		A1066E401E5FD4DF00D5FCC2 /* ViewController.swift in Sources */ = {isa = PBXBuildFile; fileRef = A1066E3F1E5FD4DF00D5FCC2 /* ViewController.swift */; };
		A1066E431E5FD4DF00D5FCC2 /* Main.storyboard in Resources */ = {isa = PBXBuildFile; fileRef = A1066E411E5FD4DF00D5FCC2 /* Main.storyboard */; };
		A1066E451E5FD4DF00D5FCC2 /* Assets.xcassets in Resources */ = {isa = PBXBuildFile; fileRef = A1066E441E5FD4DF00D5FCC2 /* Assets.xcassets */; };
		A1066E481E5FD4DF00D5FCC2 /* LaunchScreen.storyboard in Resources */ = {isa = PBXBuildFile; fileRef = A1066E461E5FD4DF00D5FCC2 /* LaunchScreen.storyboard */; };
/* End PBXBuildFile section */

/* Begin PBXFileReference section */
		A1066E3A1E5FD4DF00D5FCC2 /* BikeStation.app */ = {isa = PBXFileReference; explicitFileType = wrapper.application; includeInIndex = 0; path = BikeStation.app; sourceTree = BUILT_PRODUCTS_DIR; };
		A1066E3D1E5FD4DF00D5FCC2 /* AppDelegate.swift */ = {isa = PBXFileReference; lastKnownFileType = sourcecode.swift; path = AppDelegate.swift; sourceTree = "<group>"; };
		A1066E3F1E5FD4DF00D5FCC2 /* ViewController.swift */ = {isa = PBXFileReference; lastKnownFileType = sourcecode.swift; path = ViewController.swift; sourceTree = "<group>"; };
		A1066E421E5FD4DF00D5FCC2 /* Base */ = {isa = PBXFileReference; lastKnownFileType = file.storyboard; name = Base; path = Base.lproj/Main.storyboard; sourceTree = "<group>"; };
		A1066E441E5FD4DF00D5FCC2 /* Assets.xcassets */ = {isa = PBXFileReference; lastKnownFileType = folder.assetcatalog; path = Assets.xcassets; sourceTree = "<group>"; };
		A1066E471E5FD4DF00D5FCC2 /* Base */ = {isa = PBXFileReference; lastKnownFileType = file.storyboard; name = Base; path = Base.lproj/LaunchScreen.storyboard; sourceTree = "<group>"; };
		A1066E491E5FD4DF00D5FCC2 /* Info.plist */ = {isa = PBXFileReference; lastKnownFileType = text.plist.xml; path = Info.plist; sourceTree = "<group>"; };
/* End PBXFileReference section */

/* Begin PBXFrameworksBuildPhase section */
		A1066E371E5FD4DF00D5FCC2 /* Frameworks */ = {
			isa = PBXFrameworksBuildPhase;
			buildActionMask = 2147483647;
			files = (
			);
			runOnlyForDeploymentPostprocessing = 0;
		};
/* End PBXFrameworksBuildPhase section */

/* Begin PBXGroup section */
		A1066E311E5FD4DF00D5FCC2 = {
			isa = PBXGroup;
			children = (
				A1066E3C1E5FD4DF00D5FCC2 /* BikeStation */,
				A1066E3B1E5FD4DF00D5FCC2 /* Products */,
			);
			sourceTree = "<group>";
		};
		A1066E3B1E5FD4DF00D5FCC2 /* Products */ = {
			isa = PBXGroup;
			children = (
				A1066E3A1E5FD4DF00D5FCC2 /* BikeStation.app */,
			);
			name = Products;
			sourceTree = "<group>";
		};
		A1066E3C1E5FD4DF00D5FCC2 /* BikeStation */ = {
			isa = PBXGroup;
			children = (
				A1066E3D1E5FD4DF00D5FCC2 /* AppDelegate.swift */,
				A1066E3F1E5FD4DF00D5FCC2 /* ViewController.swift */,
				A1066E411E5FD4DF00D5FCC2 /* Main.storyboard */,
				A1066E441E5FD4DF00D5FCC2 /* Assets.xcassets */,
				A1066E461E5FD4DF00D5FCC2 /* LaunchScreen.storyboard */,
				A1066E491E5FD4DF00D5FCC2 /* Info.plist */,
			);
			path = BikeStation;
			sourceTree = "<group>";
		};
/* End PBXGroup section */

/* Begin PBXNativeTarget section */
		A1066E391E5FD4DF00D5FCC2 /* BikeStation */ = {
			isa = PBXNativeTarget;
			buildConfigurationList = A1066E4C1E5FD4DF00D5FCC2 /* Build configuration list for PBXNativeTarget "BikeStation" */;
			buildPhases = (
				A1066E361E5FD4DF00D5FCC2 /* Sources */,
				A1066E371E5FD4DF00D5FCC2 /* Frameworks */,
				A1066E381E5FD4DF00D5FCC2 /* Resources */,
			);
			buildRules = (
			);
			dependencies = (
			);
			name = BikeStation;
			productName = BikeStation;
			productReference = A1066E3A1E5FD4DF00D5FCC2 /* BikeStation.app */;
			productType = "com.apple.product-type.application";
		};
/* End PBXNativeTarget section */

/* Begin PBXProject section */
		A1066E321E5FD4DF00D5FCC2 /* Project object */ = {
			isa = PBXProject;
			attributes = {
				LastSwiftUpdateCheck = 0820;
				LastUpgradeCheck = 0820;
				ORGANIZATIONNAME = "Kyle Gorter";
				TargetAttributes = {
					A1066E391E5FD4DF00D5FCC2 = {
						CreatedOnToolsVersion = 8.2.1;
						ProvisioningStyle = Automatic;
					};
				};
			};
			buildConfigurationList = A1066E351E5FD4DF00D5FCC2 /* Build configuration list for PBXProject "BikeStation" */;
			compatibilityVersion = "Xcode 3.2";
			developmentRegion = English;
			hasScannedForEncodings = 0;
			knownRegions = (
				en,
				Base,
			);
			mainGroup = A1066E311E5FD4DF00D5FCC2;
			productRefGroup = A1066E3B1E5FD4DF00D5FCC2 /* Products */;
			projectDirPath = "";
			projectRoot = "";
			targets = (
				A1066E391E5FD4DF00D5FCC2 /* BikeStation */,
			);
		};
/* End PBXProject section */

/* Begin PBXResourcesBuildPhase section */
		A1066E381E5FD4DF00D5FCC2 /* Resources */ = {
			isa = PBXResourcesBuildPhase;
			buildActionMask = 2147483647;
			files = (
				A1066E481E5FD4DF00D5FCC2 /* LaunchScreen.storyboard in Resources */,
				A1066E451E5FD4DF00D5FCC2 /* Assets.xcassets in Resources */,
				A1066E431E5FD4DF00D5FCC2 /* Main.storyboard in Resources */,
			);
			runOnlyForDeploymentPostprocessing = 0;
		};
/* End PBXResourcesBuildPhase section */

/* Begin PBXSourcesBuildPhase section */
		A1066E361E5FD4DF00D5FCC2 /* Sources */ = {
			isa = PBXSourcesBuildPhase;
			buildActionMask = 2147483647;
			files = (
				A1066E401E5FD4DF00D5FCC2 /* ViewController.swift in Sources */,
				A1066E3E1E5FD4DF00D5FCC2 /* AppDelegate.swift in Sources */,
			);
			runOnlyForDeploymentPostprocessing = 0;
		};
/* End PBXSourcesBuildPhase section */

/* Begin PBXVariantGroup section */
		A1066E411E5FD4DF00D5FCC2 /* Main.storyboard */ = {
			isa = PBXVariantGroup;
			children = (
				A1066E421E5FD4DF00D5FCC2 /* Base */,
			);
			name = Main.storyboard;
			sourceTree = "<group>";
		};
		A1066E461E5FD4DF00D5FCC2 /* LaunchScreen.storyboard */ = {
			isa = PBXVariantGroup;
			children = (
				A1066E471E5FD4DF00D5FCC2 /* Base */,
			);
			name = LaunchScreen.storyboard;
			sourceTree = "<group>";
		};
/* End PBXVariantGroup section */

/* Begin XCBuildConfiguration section */
		A1066E4A1E5FD4DF00D5FCC2 /* Debug */ = {
			isa = XCBuildConfiguration;
			buildSettings = {
				ALWAYS_SEARCH_USER_PATHS = NO;
				CLANG_ANALYZER_NONNULL = YES;
				CLANG_CXX_LANGUAGE_STANDARD = "gnu++0x";
				CLANG_CXX_LIBRARY = "libc++";
				CLANG_ENABLE_MODULES = YES;
				CLANG_ENABLE_OBJC_ARC = YES;
				CLANG_WARN_BOOL_CONVERSION = YES;
				CLANG_WARN_CONSTANT_CONVERSION = YES;
				CLANG_WARN_DIRECT_OBJC_ISA_USAGE = YES_ERROR;
				CLANG_WARN_DOCUMENTATION_COMMENTS = YES;
				CLANG_WARN_EMPTY_BODY = YES;
				CLANG_WARN_ENUM_CONVERSION = YES;
				CLANG_WARN_INFINITE_RECURSION = YES;
				CLANG_WARN_INT_CONVERSION = YES;
				CLANG_WARN_OBJC_ROOT_CLASS = YES_ERROR;
				CLANG_WARN_SUSPICIOUS_MOVE = YES;
				CLANG_WARN_UNREACHABLE_CODE = YES;
				CLANG_WARN__DUPLICATE_METHOD_MATCH = YES;
				"CODE_SIGN_IDENTITY[sdk=iphoneos*]" = "iPhone Developer";
				COPY_PHASE_STRIP = NO;
				DEBUG_INFORMATION_FORMAT = dwarf;
				ENABLE_STRICT_OBJC_MSGSEND = YES;
				ENABLE_TESTABILITY = YES;
				GCC_C_LANGUAGE_STANDARD = gnu99;
				GCC_DYNAMIC_NO_PIC = NO;
				GCC_NO_COMMON_BLOCKS = YES;
				GCC_OPTIMIZATION_LEVEL = 0;
				GCC_PREPROCESSOR_DEFINITIONS = (
					"DEBUG=1",
					"$(inherited)",
				);
				GCC_WARN_64_TO_32_BIT_CONVERSION = YES;
				GCC_WARN_ABOUT_RETURN_TYPE = YES_ERROR;
				GCC_WARN_UNDECLARED_SELECTOR = YES;
				GCC_WARN_UNINITIALIZED_AUTOS = YES_AGGRESSIVE;
				GCC_WARN_UNUSED_FUNCTION = YES;
				GCC_WARN_UNUSED_VARIABLE = YES;
				IPHONEOS_DEPLOYMENT_TARGET = 10.2;
				MTL_ENABLE_DEBUG_INFO = YES;
				ONLY_ACTIVE_ARCH = YES;
				SDKROOT = iphoneos;
				SWIFT_ACTIVE_COMPILATION_CONDITIONS = DEBUG;
				SWIFT_OPTIMIZATION_LEVEL = "-Onone";
			};
			name = Debug;
		};
		A1066E4B1E5FD4DF00D5FCC2 /* Release */ = {
			isa = XCBuildConfiguration;
			buildSettings = {
				ALWAYS_SEARCH_USER_PATHS = NO;
				CLANG_ANALYZER_NONNULL = YES;
				CLANG_CXX_LANGUAGE_STANDARD = "gnu++0x";
				CLANG_CXX_LIBRARY = "libc++";
				CLANG_ENABLE_MODULES = YES;
				CLANG_ENABLE_OBJC_ARC = YES;
				CLANG_WARN_BOOL_CONVERSION = YES;
				CLANG_WARN_CONSTANT_CONVERSION = YES;
				CLANG_WARN_DIRECT_OBJC_ISA_USAGE = YES_ERROR;
				CLANG_WARN_DOCUMENTATION_COMMENTS = YES;
				CLANG_WARN_EMPTY_BODY = YES;
				CLANG_WARN_ENUM_CONVERSION = YES;
				CLANG_WARN_INFINITE_RECURSION = YES;
				CLANG_WARN_INT_CONVERSION = YES;
				CLANG_WARN_OBJC_ROOT_CLASS = YES_ERROR;
				CLANG_WARN_SUSPICIOUS_MOVE = YES;
				CLANG_WARN_UNREACHABLE_CODE = YES;
				CLANG_WARN__DUPLICATE_METHOD_MATCH = YES;
				"CODE_SIGN_IDENTITY[sdk=iphoneos*]" = "iPhone Developer";
				COPY_PHASE_STRIP = NO;
				DEBUG_INFORMATION_FORMAT = "dwarf-with-dsym";
				ENABLE_NS_ASSERTIONS = NO;
				ENABLE_STRICT_OBJC_MSGSEND = YES;
				GCC_C_LANGUAGE_STANDARD = gnu99;
				GCC_NO_COMMON_BLOCKS = YES;
				GCC_WARN_64_TO_32_BIT_CONVERSION = YES;
				GCC_WARN_ABOUT_RETURN_TYPE = YES_ERROR;
				GCC_WARN_UNDECLARED_SELECTOR = YES;
				GCC_WARN_UNINITIALIZED_AUTOS = YES_AGGRESSIVE;
				GCC_WARN_UNUSED_FUNCTION = YES;
				GCC_WARN_UNUSED_VARIABLE = YES;
				IPHONEOS_DEPLOYMENT_TARGET = 10.2;
				MTL_ENABLE_DEBUG_INFO = NO;
				SDKROOT = iphoneos;
				SWIFT_OPTIMIZATION_LEVEL = "-Owholemodule";
				VALIDATE_PRODUCT = YES;
			};
			name = Release;
		};
		A1066E4D1E5FD4DF00D5FCC2 /* Debug */ = {
			isa = XCBuildConfiguration;
			buildSettings = {
				ASSETCATALOG_COMPILER_APPICON_NAME = AppIcon;
				INFOPLIST_FILE = BikeStation/Info.plist;
				LD_RUNPATH_SEARCH_PATHS = "$(inherited) @executable_path/Frameworks";
				PRODUCT_BUNDLE_IDENTIFIER = com.test.BikeStation;
				PRODUCT_NAME = "$(TARGET_NAME)";
				SWIFT_VERSION = 3.0;
			};
			name = Debug;
		};
		A1066E4E1E5FD4DF00D5FCC2 /* Release */ = {
			isa = XCBuildConfiguration;
			buildSettings = {
				ASSETCATALOG_COMPILER_APPICON_NAME = AppIcon;
				INFOPLIST_FILE = BikeStation/Info.plist;
				LD_RUNPATH_SEARCH_PATHS = "$(inherited) @executable_path/Frameworks";
				PRODUCT_BUNDLE_IDENTIFIER = com.test.BikeStation;
				PRODUCT_NAME = "$(TARGET_NAME)";
				SWIFT_VERSION = 3.0;
			};
			name = Release;
		};
/* End XCBuildConfiguration section */

/* Begin XCConfigurationList section */
		A1066E351E5FD4DF00D5FCC2 /* Build configuration list for PBXProject "BikeStation" */ = {
			isa = XCConfigurationList;
			buildConfigurations = (
				A1066E4A1E5FD4DF00D5FCC2 /* Debug */,
				A1066E4B1E5FD4DF00D5FCC2 /* Release */,
			);
			defaultConfigurationIsVisible = 0;
			defaultConfigurationName = Release;
		};
		A1066E4C1E5FD4DF00D5FCC2 /* Build configuration list for PBXNativeTarget "BikeStation" */ = {
			isa = XCConfigurationList;
			buildConfigurations = (
				A1066E4D1E5FD4DF00D5FCC2 /* Debug */,
				A1066E4E1E5FD4DF00D5FCC2 /* Release */,
			);
			defaultConfigurationIsVisible = 0;
		};
/* End XCConfigurationList section */
	};
	rootObject = A1066E321E5FD4DF00D5FCC2 /* Project object */;
}
